
Microsoft Visual Studio Solution File, Format Version 12.00
# Visual Studio 15
VisualStudioVersion = 15.0.28307.421
MinimumVisualStudioVersion = 10.0.40219.1
Project("{FAE04EC0-301F-11D3-BF4B-00C04F79EFBC}") = "ClassWork_13", "ClassWork_13\ClassWork_13.csproj", "{7E29C61C-2640-4567-8EC6-20E2D77B509D}"
EndProject
Global
	GlobalSection(SolutionConfigurationPlatforms) = preSolution
		Debug|Any CPU = Debug|Any CPU
		Release|Any CPU = Release|Any CPU
	EndGlobalSection
	GlobalSection(ProjectConfigurationPlatforms) = postSolution
		{7E29C61C-2640-4567-8EC6-20E2D77B509D}.Debug|Any CPU.ActiveCfg = Debug|Any CPU
		{7E29C61C-2640-4567-8EC6-20E2D77B509D}.Debug|Any CPU.Build.0 = Debug|Any CPU
		{7E29C61C-2640-4567-8EC6-20E2D77B509D}.Release|Any CPU.ActiveCfg = Release|Any CPU
		{7E29C61C-2640-4567-8EC6-20E2D77B509D}.Release|Any CPU.Build.0 = Release|Any CPU
	EndGlobalSection
	GlobalSection(SolutionProperties) = preSolution
		HideSolutionNode = FALSE
	EndGlobalSection
	GlobalSection(ExtensibilityGlobals) = postSolution
		SolutionGuid = {412054D4-26AD-4BC2-BF73-CF257E5E3F37}
	EndGlobalSection
EndGlobal
