
Microsoft Visual Studio Solution File, Format Version 12.00
# Visual Studio 15
VisualStudioVersion = 15.0.28307.168
MinimumVisualStudioVersion = 10.0.40219.1
Project("{FAE04EC0-301F-11D3-BF4B-00C04F79EFBC}") = "HomeWork_10", "HomeWork_10\HomeWork_10.csproj", "{DE34AA63-6F27-48B2-B029-5E0C1A5270D5}"
EndProject
Global
	GlobalSection(SolutionConfigurationPlatforms) = preSolution
		Debug|Any CPU = Debug|Any CPU
		Release|Any CPU = Release|Any CPU
	EndGlobalSection
	GlobalSection(ProjectConfigurationPlatforms) = postSolution
		{DE34AA63-6F27-48B2-B029-5E0C1A5270D5}.Debug|Any CPU.ActiveCfg = Debug|Any CPU
		{DE34AA63-6F27-48B2-B029-5E0C1A5270D5}.Debug|Any CPU.Build.0 = Debug|Any CPU
		{DE34AA63-6F27-48B2-B029-5E0C1A5270D5}.Release|Any CPU.ActiveCfg = Release|Any CPU
		{DE34AA63-6F27-48B2-B029-5E0C1A5270D5}.Release|Any CPU.Build.0 = Release|Any CPU
	EndGlobalSection
	GlobalSection(SolutionProperties) = preSolution
		HideSolutionNode = FALSE
	EndGlobalSection
	GlobalSection(ExtensibilityGlobals) = postSolution
		SolutionGuid = {A2022EF2-D529-4AB1-AE0F-20F1C5AD4999}
	EndGlobalSection
EndGlobal
