
Microsoft Visual Studio Solution File, Format Version 12.00
# Visual Studio 15
VisualStudioVersion = 15.0.28307.421
MinimumVisualStudioVersion = 10.0.40219.1
Project("{FAE04EC0-301F-11D3-BF4B-00C04F79EFBC}") = "ClassWork_8", "ClassWork_8\ClassWork_8.csproj", "{56373DE9-5998-42D6-AB02-06B0B8B03CFA}"
EndProject
Global
	GlobalSection(SolutionConfigurationPlatforms) = preSolution
		Debug|Any CPU = Debug|Any CPU
		Release|Any CPU = Release|Any CPU
	EndGlobalSection
	GlobalSection(ProjectConfigurationPlatforms) = postSolution
		{56373DE9-5998-42D6-AB02-06B0B8B03CFA}.Debug|Any CPU.ActiveCfg = Debug|Any CPU
		{56373DE9-5998-42D6-AB02-06B0B8B03CFA}.Debug|Any CPU.Build.0 = Debug|Any CPU
		{56373DE9-5998-42D6-AB02-06B0B8B03CFA}.Release|Any CPU.ActiveCfg = Release|Any CPU
		{56373DE9-5998-42D6-AB02-06B0B8B03CFA}.Release|Any CPU.Build.0 = Release|Any CPU
	EndGlobalSection
	GlobalSection(SolutionProperties) = preSolution
		HideSolutionNode = FALSE
	EndGlobalSection
	GlobalSection(ExtensibilityGlobals) = postSolution
		SolutionGuid = {6A856393-992D-453A-8EC6-B0FF57A085CC}
	EndGlobalSection
EndGlobal
